
Microsoft Visual Studio Solution File, Format Version 12.00
# Visual Studio Version 16
VisualStudioVersion = 16.0.30907.101
MinimumVisualStudioVersion = 10.0.40219.1
Project("{8BC9CEB8-8B4A-11D0-8D11-00A0C91BC942}") = "Double and Integer_dynamic_memory", "Double and Integer_dynamic_memory.vcxproj", "{AF671956-D22A-4DEC-85BB-736AFB78886C}"
EndProject
Global
	GlobalSection(SolutionConfigurationPlatforms) = preSolution
		Debug|x64 = Debug|x64
		Debug|x86 = Debug|x86
		Release|x64 = Release|x64
		Release|x86 = Release|x86
	EndGlobalSection
	GlobalSection(ProjectConfigurationPlatforms) = postSolution
		{AF671956-D22A-4DEC-85BB-736AFB78886C}.Debug|x64.ActiveCfg = Debug|x64
		{AF671956-D22A-4DEC-85BB-736AFB78886C}.Debug|x64.Build.0 = Debug|x64
		{AF671956-D22A-4DEC-85BB-736AFB78886C}.Debug|x86.ActiveCfg = Debug|Win32
		{AF671956-D22A-4DEC-85BB-736AFB78886C}.Debug|x86.Build.0 = Debug|Win32
		{AF671956-D22A-4DEC-85BB-736AFB78886C}.Release|x64.ActiveCfg = Release|x64
		{AF671956-D22A-4DEC-85BB-736AFB78886C}.Release|x64.Build.0 = Release|x64
		{AF671956-D22A-4DEC-85BB-736AFB78886C}.Release|x86.ActiveCfg = Release|Win32
		{AF671956-D22A-4DEC-85BB-736AFB78886C}.Release|x86.Build.0 = Release|Win32
	EndGlobalSection
	GlobalSection(SolutionProperties) = preSolution
		HideSolutionNode = FALSE
	EndGlobalSection
	GlobalSection(ExtensibilityGlobals) = postSolution
		SolutionGuid = {65CFF0D5-69D4-4E1F-9C89-B60D97207184}
	EndGlobalSection
EndGlobal
