
Microsoft Visual Studio Solution File, Format Version 12.00
# Visual Studio Version 16
VisualStudioVersion = 16.0.30907.101
MinimumVisualStudioVersion = 10.0.40219.1
Project("{8BC9CEB8-8B4A-11D0-8D11-00A0C91BC942}") = "Double and Integer Classes", "Double and Integer Classes.vcxproj", "{0FBC4E76-F584-4AB3-BED0-DA0F8DD40618}"
EndProject
Global
	GlobalSection(SolutionConfigurationPlatforms) = preSolution
		Debug|x64 = Debug|x64
		Debug|x86 = Debug|x86
		Release|x64 = Release|x64
		Release|x86 = Release|x86
	EndGlobalSection
	GlobalSection(ProjectConfigurationPlatforms) = postSolution
		{0FBC4E76-F584-4AB3-BED0-DA0F8DD40618}.Debug|x64.ActiveCfg = Debug|x64
		{0FBC4E76-F584-4AB3-BED0-DA0F8DD40618}.Debug|x64.Build.0 = Debug|x64
		{0FBC4E76-F584-4AB3-BED0-DA0F8DD40618}.Debug|x86.ActiveCfg = Debug|Win32
		{0FBC4E76-F584-4AB3-BED0-DA0F8DD40618}.Debug|x86.Build.0 = Debug|Win32
		{0FBC4E76-F584-4AB3-BED0-DA0F8DD40618}.Release|x64.ActiveCfg = Release|x64
		{0FBC4E76-F584-4AB3-BED0-DA0F8DD40618}.Release|x64.Build.0 = Release|x64
		{0FBC4E76-F584-4AB3-BED0-DA0F8DD40618}.Release|x86.ActiveCfg = Release|Win32
		{0FBC4E76-F584-4AB3-BED0-DA0F8DD40618}.Release|x86.Build.0 = Release|Win32
	EndGlobalSection
	GlobalSection(SolutionProperties) = preSolution
		HideSolutionNode = FALSE
	EndGlobalSection
	GlobalSection(ExtensibilityGlobals) = postSolution
		SolutionGuid = {07B5EA52-0740-4ECB-9918-F8D29E3F11B3}
	EndGlobalSection
EndGlobal
