
Microsoft Visual Studio Solution File, Format Version 12.00
# Visual Studio Version 16
VisualStudioVersion = 16.0.31105.61
MinimumVisualStudioVersion = 10.0.40219.1
Project("{8BC9CEB8-8B4A-11D0-8D11-00A0C91BC942}") = "A Better Random Number", "A Better Random Number.vcxproj", "{E452796A-BD19-475C-976B-9D77F12AC911}"
EndProject
Global
	GlobalSection(SolutionConfigurationPlatforms) = preSolution
		Debug|x64 = Debug|x64
		Debug|x86 = Debug|x86
		Release|x64 = Release|x64
		Release|x86 = Release|x86
	EndGlobalSection
	GlobalSection(ProjectConfigurationPlatforms) = postSolution
		{E452796A-BD19-475C-976B-9D77F12AC911}.Debug|x64.ActiveCfg = Debug|x64
		{E452796A-BD19-475C-976B-9D77F12AC911}.Debug|x64.Build.0 = Debug|x64
		{E452796A-BD19-475C-976B-9D77F12AC911}.Debug|x86.ActiveCfg = Debug|Win32
		{E452796A-BD19-475C-976B-9D77F12AC911}.Debug|x86.Build.0 = Debug|Win32
		{E452796A-BD19-475C-976B-9D77F12AC911}.Release|x64.ActiveCfg = Release|x64
		{E452796A-BD19-475C-976B-9D77F12AC911}.Release|x64.Build.0 = Release|x64
		{E452796A-BD19-475C-976B-9D77F12AC911}.Release|x86.ActiveCfg = Release|Win32
		{E452796A-BD19-475C-976B-9D77F12AC911}.Release|x86.Build.0 = Release|Win32
	EndGlobalSection
	GlobalSection(SolutionProperties) = preSolution
		HideSolutionNode = FALSE
	EndGlobalSection
	GlobalSection(ExtensibilityGlobals) = postSolution
		SolutionGuid = {D474D848-721D-4703-882C-28AE32646274}
	EndGlobalSection
EndGlobal
